// !$*UTF8*$!
{
	archiveVersion = 1;
	classes = {
	};
	objectVersion = 56;
	objects = {

/* Begin PBXBuildFile section */
		F76F49F72B8BC9850015BC4D /* RealityKitContent in Frameworks */ = {isa = PBXBuildFile; productRef = F76F49F62B8BC9850015BC4D /* RealityKitContent */; };
		F76F49F92B8BC9850015BC4D /* ExampleTranslatorApp.swift in Sources */ = {isa = PBXBuildFile; fileRef = F76F49F82B8BC9850015BC4D /* ExampleTranslatorApp.swift */; };
		F76F49FB2B8BC9850015BC4D /* ContentView.swift in Sources */ = {isa = PBXBuildFile; fileRef = F76F49FA2B8BC9850015BC4D /* ContentView.swift */; };
		F76F49FD2B8BC9860015BC4D /* Assets.xcassets in Resources */ = {isa = PBXBuildFile; fileRef = F76F49FC2B8BC9860015BC4D /* Assets.xcassets */; };
		F76F4A002B8BC9860015BC4D /* Preview Assets.xcassets in Resources */ = {isa = PBXBuildFile; fileRef = F76F49FF2B8BC9860015BC4D /* Preview Assets.xcassets */; };
		F76F4A0E2B90A0C90015BC4D /* ScreenshotManager.swift in Sources */ = {isa = PBXBuildFile; fileRef = F76F4A0D2B90A0C90015BC4D /* ScreenshotManager.swift */; };
/* End PBXBuildFile section */

/* Begin PBXFileReference section */
		F76F49F12B8BC9840015BC4D /* ExampleTranslator.app */ = {isa = PBXFileReference; explicitFileType = wrapper.application; includeInIndex = 0; path = ExampleTranslator.app; sourceTree = BUILT_PRODUCTS_DIR; };
		F76F49F52B8BC9850015BC4D /* RealityKitContent */ = {isa = PBXFileReference; lastKnownFileType = wrapper; path = RealityKitContent; sourceTree = "<group>"; };
		F76F49F82B8BC9850015BC4D /* ExampleTranslatorApp.swift */ = {isa = PBXFileReference; lastKnownFileType = sourcecode.swift; path = ExampleTranslatorApp.swift; sourceTree = "<group>"; };
		F76F49FA2B8BC9850015BC4D /* ContentView.swift */ = {isa = PBXFileReference; lastKnownFileType = sourcecode.swift; path = ContentView.swift; sourceTree = "<group>"; };
		F76F49FC2B8BC9860015BC4D /* Assets.xcassets */ = {isa = PBXFileReference; lastKnownFileType = folder.assetcatalog; path = Assets.xcassets; sourceTree = "<group>"; };
		F76F49FF2B8BC9860015BC4D /* Preview Assets.xcassets */ = {isa = PBXFileReference; lastKnownFileType = folder.assetcatalog; path = "Preview Assets.xcassets"; sourceTree = "<group>"; };
		F76F4A012B8BC9860015BC4D /* Info.plist */ = {isa = PBXFileReference; lastKnownFileType = text.plist.xml; path = Info.plist; sourceTree = "<group>"; };
		F76F4A0D2B90A0C90015BC4D /* ScreenshotManager.swift */ = {isa = PBXFileReference; lastKnownFileType = sourcecode.swift; path = ScreenshotManager.swift; sourceTree = "<group>"; };
/* End PBXFileReference section */

/* Begin PBXFrameworksBuildPhase section */
		F76F49EE2B8BC9840015BC4D /* Frameworks */ = {
			isa = PBXFrameworksBuildPhase;
			buildActionMask = 2147483647;
			files = (
				F76F49F72B8BC9850015BC4D /* RealityKitContent in Frameworks */,
			);
			runOnlyForDeploymentPostprocessing = 0;
		};
/* End PBXFrameworksBuildPhase section */

/* Begin PBXGroup section */
		F76F49E82B8BC9840015BC4D = {
			isa = PBXGroup;
			children = (
				F76F49F32B8BC9850015BC4D /* ExampleTranslator */,
				F76F49F42B8BC9850015BC4D /* Packages */,
				F76F49F22B8BC9840015BC4D /* Products */,
			);
			sourceTree = "<group>";
		};
		F76F49F22B8BC9840015BC4D /* Products */ = {
			isa = PBXGroup;
			children = (
				F76F49F12B8BC9840015BC4D /* ExampleTranslator.app */,
			);
			name = Products;
			sourceTree = "<group>";
		};
		F76F49F32B8BC9850015BC4D /* ExampleTranslator */ = {
			isa = PBXGroup;
			children = (
				F76F49F82B8BC9850015BC4D /* ExampleTranslatorApp.swift */,
				F76F49FA2B8BC9850015BC4D /* ContentView.swift */,
				F76F4A0D2B90A0C90015BC4D /* ScreenshotManager.swift */,
				F76F49FC2B8BC9860015BC4D /* Assets.xcassets */,
				F76F4A012B8BC9860015BC4D /* Info.plist */,
				F76F49FE2B8BC9860015BC4D /* Preview Content */,
			);
			path = ExampleTranslator;
			sourceTree = "<group>";
		};
		F76F49F42B8BC9850015BC4D /* Packages */ = {
			isa = PBXGroup;
			children = (
				F76F49F52B8BC9850015BC4D /* RealityKitContent */,
			);
			path = Packages;
			sourceTree = "<group>";
		};
		F76F49FE2B8BC9860015BC4D /* Preview Content */ = {
			isa = PBXGroup;
			children = (
				F76F49FF2B8BC9860015BC4D /* Preview Assets.xcassets */,
			);
			path = "Preview Content";
			sourceTree = "<group>";
		};
/* End PBXGroup section */

/* Begin PBXNativeTarget section */
		F76F49F02B8BC9840015BC4D /* ExampleTranslator */ = {
			isa = PBXNativeTarget;
			buildConfigurationList = F76F4A042B8BC9860015BC4D /* Build configuration list for PBXNativeTarget "ExampleTranslator" */;
			buildPhases = (
				F76F49ED2B8BC9840015BC4D /* Sources */,
				F76F49EE2B8BC9840015BC4D /* Frameworks */,
				F76F49EF2B8BC9840015BC4D /* Resources */,
			);
			buildRules = (
			);
			dependencies = (
			);
			name = ExampleTranslator;
			packageProductDependencies = (
				F76F49F62B8BC9850015BC4D /* RealityKitContent */,
			);
			productName = ExampleTranslator;
			productReference = F76F49F12B8BC9840015BC4D /* ExampleTranslator.app */;
			productType = "com.apple.product-type.application";
		};
/* End PBXNativeTarget section */

/* Begin PBXProject section */
		F76F49E92B8BC9840015BC4D /* Project object */ = {
			isa = PBXProject;
			attributes = {
				BuildIndependentTargetsInParallel = 1;
				LastSwiftUpdateCheck = 1520;
				LastUpgradeCheck = 1520;
				TargetAttributes = {
					F76F49F02B8BC9840015BC4D = {
						CreatedOnToolsVersion = 15.2;
					};
				};
			};
			buildConfigurationList = F76F49EC2B8BC9840015BC4D /* Build configuration list for PBXProject "ExampleTranslator" */;
			compatibilityVersion = "Xcode 14.0";
			developmentRegion = en;
			hasScannedForEncodings = 0;
			knownRegions = (
				en,
				Base,
			);
			mainGroup = F76F49E82B8BC9840015BC4D;
			productRefGroup = F76F49F22B8BC9840015BC4D /* Products */;
			projectDirPath = "";
			projectRoot = "";
			targets = (
				F76F49F02B8BC9840015BC4D /* ExampleTranslator */,
			);
		};
/* End PBXProject section */

/* Begin PBXResourcesBuildPhase section */
		F76F49EF2B8BC9840015BC4D /* Resources */ = {
			isa = PBXResourcesBuildPhase;
			buildActionMask = 2147483647;
			files = (
				F76F4A002B8BC9860015BC4D /* Preview Assets.xcassets in Resources */,
				F76F49FD2B8BC9860015BC4D /* Assets.xcassets in Resources */,
			);
			runOnlyForDeploymentPostprocessing = 0;
		};
/* End PBXResourcesBuildPhase section */

/* Begin PBXSourcesBuildPhase section */
		F76F49ED2B8BC9840015BC4D /* Sources */ = {
			isa = PBXSourcesBuildPhase;
			buildActionMask = 2147483647;
			files = (
				F76F49FB2B8BC9850015BC4D /* ContentView.swift in Sources */,
				F76F49F92B8BC9850015BC4D /* ExampleTranslatorApp.swift in Sources */,
				F76F4A0E2B90A0C90015BC4D /* ScreenshotManager.swift in Sources */,
			);
			runOnlyForDeploymentPostprocessing = 0;
		};
/* End PBXSourcesBuildPhase section */

/* Begin XCBuildConfiguration section */
		F76F4A022B8BC9860015BC4D /* Debug */ = {
			isa = XCBuildConfiguration;
			buildSettings = {
				ALWAYS_SEARCH_USER_PATHS = NO;
				ASSETCATALOG_COMPILER_GENERATE_SWIFT_ASSET_SYMBOL_EXTENSIONS = YES;
				CLANG_ANALYZER_NONNULL = YES;
				CLANG_ANALYZER_NUMBER_OBJECT_CONVERSION = YES_AGGRESSIVE;
				CLANG_CXX_LANGUAGE_STANDARD = "gnu++20";
				CLANG_ENABLE_MODULES = YES;
				CLANG_ENABLE_OBJC_ARC = YES;
				CLANG_ENABLE_OBJC_WEAK = YES;
				CLANG_WARN_BLOCK_CAPTURE_AUTORELEASING = YES;
				CLANG_WARN_BOOL_CONVERSION = YES;
				CLANG_WARN_COMMA = YES;
				CLANG_WARN_CONSTANT_CONVERSION = YES;
				CLANG_WARN_DEPRECATED_OBJC_IMPLEMENTATIONS = YES;
				CLANG_WARN_DIRECT_OBJC_ISA_USAGE = YES_ERROR;
				CLANG_WARN_DOCUMENTATION_COMMENTS = YES;
				CLANG_WARN_EMPTY_BODY = YES;
				CLANG_WARN_ENUM_CONVERSION = YES;
				CLANG_WARN_INFINITE_RECURSION = YES;
				CLANG_WARN_INT_CONVERSION = YES;
				CLANG_WARN_NON_LITERAL_NULL_CONVERSION = YES;
				CLANG_WARN_OBJC_IMPLICIT_RETAIN_SELF = YES;
				CLANG_WARN_OBJC_LITERAL_CONVERSION = YES;
				CLANG_WARN_OBJC_ROOT_CLASS = YES_ERROR;
				CLANG_WARN_QUOTED_INCLUDE_IN_FRAMEWORK_HEADER = YES;
				CLANG_WARN_RANGE_LOOP_ANALYSIS = YES;
				CLANG_WARN_STRICT_PROTOTYPES = YES;
				CLANG_WARN_SUSPICIOUS_MOVE = YES;
				CLANG_WARN_UNGUARDED_AVAILABILITY = YES_AGGRESSIVE;
				CLANG_WARN_UNREACHABLE_CODE = YES;
				CLANG_WARN__DUPLICATE_METHOD_MATCH = YES;
				COPY_PHASE_STRIP = NO;
				DEBUG_INFORMATION_FORMAT = dwarf;
				ENABLE_STRICT_OBJC_MSGSEND = YES;
				ENABLE_TESTABILITY = YES;
				ENABLE_USER_SCRIPT_SANDBOXING = YES;
				GCC_C_LANGUAGE_STANDARD = gnu17;
				GCC_DYNAMIC_NO_PIC = NO;
				GCC_NO_COMMON_BLOCKS = YES;
				GCC_OPTIMIZATION_LEVEL = 0;
				GCC_PREPROCESSOR_DEFINITIONS = (
					"DEBUG=1",
					"$(inherited)",
				);
				GCC_WARN_64_TO_32_BIT_CONVERSION = YES;
				GCC_WARN_ABOUT_RETURN_TYPE = YES_ERROR;
				GCC_WARN_UNDECLARED_SELECTOR = YES;
				GCC_WARN_UNINITIALIZED_AUTOS = YES_AGGRESSIVE;
				GCC_WARN_UNUSED_FUNCTION = YES;
				GCC_WARN_UNUSED_VARIABLE = YES;
				LOCALIZATION_PREFERS_STRING_CATALOGS = YES;
				MTL_ENABLE_DEBUG_INFO = INCLUDE_SOURCE;
				MTL_FAST_MATH = YES;
				ONLY_ACTIVE_ARCH = YES;
				SDKROOT = xros;
				SWIFT_ACTIVE_COMPILATION_CONDITIONS = "DEBUG $(inherited)";
				SWIFT_OPTIMIZATION_LEVEL = "-Onone";
				XROS_DEPLOYMENT_TARGET = 1.0;
			};
			name = Debug;
		};
		F76F4A032B8BC9860015BC4D /* Release */ = {
			isa = XCBuildConfiguration;
			buildSettings = {
				ALWAYS_SEARCH_USER_PATHS = NO;
				ASSETCATALOG_COMPILER_GENERATE_SWIFT_ASSET_SYMBOL_EXTENSIONS = YES;
				CLANG_ANALYZER_NONNULL = YES;
				CLANG_ANALYZER_NUMBER_OBJECT_CONVERSION = YES_AGGRESSIVE;
				CLANG_CXX_LANGUAGE_STANDARD = "gnu++20";
				CLANG_ENABLE_MODULES = YES;
				CLANG_ENABLE_OBJC_ARC = YES;
				CLANG_ENABLE_OBJC_WEAK = YES;
				CLANG_WARN_BLOCK_CAPTURE_AUTORELEASING = YES;
				CLANG_WARN_BOOL_CONVERSION = YES;
				CLANG_WARN_COMMA = YES;
				CLANG_WARN_CONSTANT_CONVERSION = YES;
				CLANG_WARN_DEPRECATED_OBJC_IMPLEMENTATIONS = YES;
				CLANG_WARN_DIRECT_OBJC_ISA_USAGE = YES_ERROR;
				CLANG_WARN_DOCUMENTATION_COMMENTS = YES;
				CLANG_WARN_EMPTY_BODY = YES;
				CLANG_WARN_ENUM_CONVERSION = YES;
				CLANG_WARN_INFINITE_RECURSION = YES;
				CLANG_WARN_INT_CONVERSION = YES;
				CLANG_WARN_NON_LITERAL_NULL_CONVERSION = YES;
				CLANG_WARN_OBJC_IMPLICIT_RETAIN_SELF = YES;
				CLANG_WARN_OBJC_LITERAL_CONVERSION = YES;
				CLANG_WARN_OBJC_ROOT_CLASS = YES_ERROR;
				CLANG_WARN_QUOTED_INCLUDE_IN_FRAMEWORK_HEADER = YES;
				CLANG_WARN_RANGE_LOOP_ANALYSIS = YES;
				CLANG_WARN_STRICT_PROTOTYPES = YES;
				CLANG_WARN_SUSPICIOUS_MOVE = YES;
				CLANG_WARN_UNGUARDED_AVAILABILITY = YES_AGGRESSIVE;
				CLANG_WARN_UNREACHABLE_CODE = YES;
				CLANG_WARN__DUPLICATE_METHOD_MATCH = YES;
				COPY_PHASE_STRIP = NO;
				DEBUG_INFORMATION_FORMAT = "dwarf-with-dsym";
				ENABLE_NS_ASSERTIONS = NO;
				ENABLE_STRICT_OBJC_MSGSEND = YES;
				ENABLE_USER_SCRIPT_SANDBOXING = YES;
				GCC_C_LANGUAGE_STANDARD = gnu17;
				GCC_NO_COMMON_BLOCKS = YES;
				GCC_WARN_64_TO_32_BIT_CONVERSION = YES;
				GCC_WARN_ABOUT_RETURN_TYPE = YES_ERROR;
				GCC_WARN_UNDECLARED_SELECTOR = YES;
				GCC_WARN_UNINITIALIZED_AUTOS = YES_AGGRESSIVE;
				GCC_WARN_UNUSED_FUNCTION = YES;
				GCC_WARN_UNUSED_VARIABLE = YES;
				LOCALIZATION_PREFERS_STRING_CATALOGS = YES;
				MTL_ENABLE_DEBUG_INFO = NO;
				MTL_FAST_MATH = YES;
				SDKROOT = xros;
				SWIFT_COMPILATION_MODE = wholemodule;
				VALIDATE_PRODUCT = YES;
				XROS_DEPLOYMENT_TARGET = 1.0;
			};
			name = Release;
		};
		F76F4A052B8BC9860015BC4D /* Debug */ = {
			isa = XCBuildConfiguration;
			buildSettings = {
				ASSETCATALOG_COMPILER_APPICON_NAME = AppIcon;
				ASSETCATALOG_COMPILER_GLOBAL_ACCENT_COLOR_NAME = AccentColor;
				CODE_SIGN_STYLE = Automatic;
				CURRENT_PROJECT_VERSION = 1;
				DEVELOPMENT_ASSET_PATHS = "\"ExampleTranslator/Preview Content\"";
				DEVELOPMENT_TEAM = LCRJL3NRC8;
				ENABLE_PREVIEWS = YES;
				GENERATE_INFOPLIST_FILE = YES;
				INFOPLIST_FILE = "$(TARGET_NAME)/Info.plist";
				INFOPLIST_KEY_NSCameraUsageDescription = "Can u get me a access?";
				LD_RUNPATH_SEARCH_PATHS = (
					"$(inherited)",
					"@executable_path/Frameworks",
				);
				MARKETING_VERSION = 1.0;
				PRODUCT_BUNDLE_IDENTIFIER = IvanZnak.ExampleTranslator;
				PRODUCT_NAME = "$(TARGET_NAME)";
				SUPPORTED_PLATFORMS = "xros xrsimulator";
				SWIFT_EMIT_LOC_STRINGS = YES;
				SWIFT_VERSION = 5.0;
				TARGETED_DEVICE_FAMILY = "1,2,7";
			};
			name = Debug;
		};
		F76F4A062B8BC9860015BC4D /* Release */ = {
			isa = XCBuildConfiguration;
			buildSettings = {
				ASSETCATALOG_COMPILER_APPICON_NAME = AppIcon;
				ASSETCATALOG_COMPILER_GLOBAL_ACCENT_COLOR_NAME = AccentColor;
				CODE_SIGN_STYLE = Automatic;
				CURRENT_PROJECT_VERSION = 1;
				DEVELOPMENT_ASSET_PATHS = "\"ExampleTranslator/Preview Content\"";
				DEVELOPMENT_TEAM = LCRJL3NRC8;
				ENABLE_PREVIEWS = YES;
				GENERATE_INFOPLIST_FILE = YES;
				INFOPLIST_FILE = "$(TARGET_NAME)/Info.plist";
				INFOPLIST_KEY_NSCameraUsageDescription = "Can u get me a access?";
				LD_RUNPATH_SEARCH_PATHS = (
					"$(inherited)",
					"@executable_path/Frameworks",
				);
				MARKETING_VERSION = 1.0;
				PRODUCT_BUNDLE_IDENTIFIER = IvanZnak.ExampleTranslator;
				PRODUCT_NAME = "$(TARGET_NAME)";
				SUPPORTED_PLATFORMS = "xros xrsimulator";
				SWIFT_EMIT_LOC_STRINGS = YES;
				SWIFT_VERSION = 5.0;
				TARGETED_DEVICE_FAMILY = "1,2,7";
			};
			name = Release;
		};
/* End XCBuildConfiguration section */

/* Begin XCConfigurationList section */
		F76F49EC2B8BC9840015BC4D /* Build configuration list for PBXProject "ExampleTranslator" */ = {
			isa = XCConfigurationList;
			buildConfigurations = (
				F76F4A022B8BC9860015BC4D /* Debug */,
				F76F4A032B8BC9860015BC4D /* Release */,
			);
			defaultConfigurationIsVisible = 0;
			defaultConfigurationName = Release;
		};
		F76F4A042B8BC9860015BC4D /* Build configuration list for PBXNativeTarget "ExampleTranslator" */ = {
			isa = XCConfigurationList;
			buildConfigurations = (
				F76F4A052B8BC9860015BC4D /* Debug */,
				F76F4A062B8BC9860015BC4D /* Release */,
			);
			defaultConfigurationIsVisible = 0;
			defaultConfigurationName = Release;
		};
/* End XCConfigurationList section */

/* Begin XCSwiftPackageProductDependency section */
		F76F49F62B8BC9850015BC4D /* RealityKitContent */ = {
			isa = XCSwiftPackageProductDependency;
			productName = RealityKitContent;
		};
/* End XCSwiftPackageProductDependency section */
	};
	rootObject = F76F49E92B8BC9840015BC4D /* Project object */;
}
